
Microsoft Visual Studio Solution File, Format Version 12.00
# Visual Studio Version 17
VisualStudioVersion = 17.5.33424.131
MinimumVisualStudioVersion = 10.0.40219.1
Project("{FAE04EC0-301F-11D3-BF4B-00C04F79EFBC}") = "Login Demo 1", "Login Demo 1.csproj", "{1D53B841-176A-4CA5-8301-E655B9FCEDB4}"
EndProject
Global
	GlobalSection(SolutionConfigurationPlatforms) = preSolution
		Debug|Any CPU = Debug|Any CPU
		Release|Any CPU = Release|Any CPU
	EndGlobalSection
	GlobalSection(ProjectConfigurationPlatforms) = postSolution
		{1D53B841-176A-4CA5-8301-E655B9FCEDB4}.Debug|Any CPU.ActiveCfg = Debug|Any CPU
		{1D53B841-176A-4CA5-8301-E655B9FCEDB4}.Debug|Any CPU.Build.0 = Debug|Any CPU
		{1D53B841-176A-4CA5-8301-E655B9FCEDB4}.Release|Any CPU.ActiveCfg = Release|Any CPU
		{1D53B841-176A-4CA5-8301-E655B9FCEDB4}.Release|Any CPU.Build.0 = Release|Any CPU
	EndGlobalSection
	GlobalSection(SolutionProperties) = preSolution
		HideSolutionNode = FALSE
	EndGlobalSection
	GlobalSection(ExtensibilityGlobals) = postSolution
		SolutionGuid = {A33EAF27-6619-4369-B398-25F29CA80645}
	EndGlobalSection
EndGlobal
